#MicroXplorer Configuration settings - do not modify
ADC1.Channel-4\#ChannelRegularConversion=ADC_CHANNEL_VREFINT
ADC1.ClockPrescaler=ADC_CLOCKPRESCALER_PCLK_DIV4
ADC1.ContinuousConvMode=DISABLE
ADC1.DMAContinuousRequests=DISABLE
ADC1.DataAlign=ADC_DATAALIGN_RIGHT
ADC1.DiscontinuousConvMode=DISABLE
ADC1.EOCSelection=EOC_SINGLE_CONV
ADC1.EnableAnalogWatchDog=false
ADC1.ExternalTrigConvEdge=ADC_EXTERNALTRIGCONVEDGE_NONE
ADC1.IPParameters=Rank-4\#ChannelRegularConversion,Channel-4\#ChannelRegularConversion,SamplingTime-4\#ChannelRegularConversion,NbrOfConversionFlag,master,NbrOfConversion,ExternalTrigConvEdge,ClockPrescaler,Resolution,DataAlign,ScanConvMode,ContinuousConvMode,DiscontinuousConvMode,DMAContinuousRequests,EOCSelection,InjNumberOfConversion,EnableAnalogWatchDog
ADC1.InjNumberOfConversion=0
ADC1.NbrOfConversion=1
ADC1.NbrOfConversionFlag=1
ADC1.Rank-4\#ChannelRegularConversion=1
ADC1.Resolution=ADC_RESOLUTION12b
ADC1.SamplingTime-4\#ChannelRegularConversion=ADC_SAMPLETIME_3CYCLES
ADC1.ScanConvMode=DISABLE
ADC1.master=1
ADC2.Channel-33\#ChannelRegularConversion=ADC_CHANNEL_15
ADC2.IPParameters=Rank-33\#ChannelRegularConversion,Channel-33\#ChannelRegularConversion,SamplingTime-33\#ChannelRegularConversion,NbrOfConversionFlag
ADC2.NbrOfConversionFlag=1
ADC2.Rank-33\#ChannelRegularConversion=1
ADC2.SamplingTime-33\#ChannelRegularConversion=ADC_SAMPLETIME_3CYCLES
ADC3.Channel-4\#ChannelRegularConversion=ADC_CHANNEL_11
ADC3.IPParameters=Rank-4\#ChannelRegularConversion,Channel-4\#ChannelRegularConversion,SamplingTime-4\#ChannelRegularConversion,NbrOfConversionFlag
ADC3.NbrOfConversionFlag=1
ADC3.Rank-4\#ChannelRegularConversion=1
ADC3.SamplingTime-4\#ChannelRegularConversion=ADC_SAMPLETIME_3CYCLES
Dma.ADC1.0.Channel=DMA_CHANNEL_0
Dma.ADC1.0.Direction=DMA_PERIPH_TO_MEMORY
Dma.ADC1.0.FIFOMode=DMA_FIFOMODE_ENABLE
Dma.ADC1.0.FIFOThreshold=DMA_FIFO_THRESHOLD_1QUARTERFULL
Dma.ADC1.0.Instance=DMA2_Stream0
Dma.ADC1.0.MemBurst=DMA_MBURST_SINGLE
Dma.ADC1.0.MemDataAlignment=DMA_MDATAALIGN_HALFWORD
Dma.ADC1.0.MemInc=DMA_MINC_ENABLE
Dma.ADC1.0.Mode=DMA_NORMAL
Dma.ADC1.0.PeriphBurst=DMA_PBURST_SINGLE
Dma.ADC1.0.PeriphDataAlignment=DMA_PDATAALIGN_HALFWORD
Dma.ADC1.0.PeriphInc=DMA_PINC_DISABLE
Dma.ADC1.0.Priority=DMA_PRIORITY_MEDIUM
Dma.ADC1.0.RequestParameters=Instance,Channel,Direction,PeriphInc,MemInc,PeriphDataAlignment,MemDataAlignment,Mode,Priority,FIFOMode,FIFOThreshold,MemBurst,PeriphBurst
Dma.Request0=ADC1
Dma.RequestsNb=1
FMC.CASLatency1=FMC_SDRAM_CAS_LATENCY_3
FMC.ExitSelfRefreshDelay1=7
FMC.IPParameters=LoadToActiveDelay1,ExitSelfRefreshDelay1,SelfRefreshTime1,RowCycleDelay1,WriteRecoveryTime1,RPDelay1,RCDDelay1,ReadPipeDelay1,SDClockPeriod1,CASLatency1
FMC.LoadToActiveDelay1=2
FMC.RCDDelay1=2
FMC.RPDelay1=2
FMC.ReadPipeDelay1=FMC_SDRAM_RPIPE_DELAY_1
FMC.RowCycleDelay1=7
FMC.SDClockPeriod1=FMC_SDRAM_CLOCK_PERIOD_2
FMC.SelfRefreshTime1=4
FMC.WriteRecoveryTime1=3
File.Version=5
I2C3.I2C_Mode=I2C_Fast
I2C3.IPParameters=I2C_Mode
KeepUserPlacement=true
Mcu.Family=STM32F4
Mcu.IP0=ADC1
Mcu.IP1=ADC2
Mcu.IP10=NVIC
Mcu.IP11=RCC
Mcu.IP12=SPI5
Mcu.IP13=SYS
Mcu.IP14=TIM6
Mcu.IP15=TIM7
Mcu.IP16=UART5
Mcu.IP17=USART1
Mcu.IP2=ADC3
Mcu.IP3=CRC
Mcu.IP4=DAC
Mcu.IP5=DMA
Mcu.IP6=DMA2D
Mcu.IP7=FMC
Mcu.IP8=I2C3
Mcu.IP9=LTDC
Mcu.IPNb=18
Mcu.Name=STM32F429Z(E-G-I)Tx
Mcu.Package=LQFP144
Mcu.Pin0=PE2
Mcu.Pin1=PE3
Mcu.Pin10=PF2
Mcu.Pin100=PG11
Mcu.Pin101=PG12
Mcu.Pin102=PG13
Mcu.Pin103=PG14
Mcu.Pin104=PG15
Mcu.Pin105=PB3
Mcu.Pin106=PB4
Mcu.Pin107=PB5
Mcu.Pin108=PB6
Mcu.Pin109=PB7
Mcu.Pin11=PF3
Mcu.Pin110=PB8
Mcu.Pin111=PB9
Mcu.Pin112=PE0
Mcu.Pin113=PE1
Mcu.Pin114=VP_ADC1_Vref_Input
Mcu.Pin115=VP_CRC_VS_CRC
Mcu.Pin116=VP_DMA2D_VS_DMA2D
Mcu.Pin117=VP_TIM6_VS_ClockSourceINT
Mcu.Pin118=VP_TIM7_VS_ClockSourceINT
Mcu.Pin12=PF4
Mcu.Pin13=PF5
Mcu.Pin14=PF6
Mcu.Pin15=PF7
Mcu.Pin16=PF8
Mcu.Pin17=PF9
Mcu.Pin18=PF10
Mcu.Pin19=PH0/OSC_IN
Mcu.Pin2=PE4
Mcu.Pin20=PH1/OSC_OUT
Mcu.Pin21=PC0
Mcu.Pin22=PC1
Mcu.Pin23=PC2
Mcu.Pin24=PC3
Mcu.Pin25=PA0/WKUP
Mcu.Pin26=PA1
Mcu.Pin27=PA2
Mcu.Pin28=PA3
Mcu.Pin29=PA4
Mcu.Pin3=PE5
Mcu.Pin30=PA5
Mcu.Pin31=PA6
Mcu.Pin32=PA7
Mcu.Pin33=PC4
Mcu.Pin34=PC5
Mcu.Pin35=PB0
Mcu.Pin36=PB1
Mcu.Pin37=PB2/BOOT1
Mcu.Pin38=PF11
Mcu.Pin39=PF12
Mcu.Pin4=PE6
Mcu.Pin40=PF13
Mcu.Pin41=PF14
Mcu.Pin42=PF15
Mcu.Pin43=PG0
Mcu.Pin44=PG1
Mcu.Pin45=PE7
Mcu.Pin46=PE8
Mcu.Pin47=PE9
Mcu.Pin48=PE10
Mcu.Pin49=PE11
Mcu.Pin5=PC13
Mcu.Pin50=PE12
Mcu.Pin51=PE13
Mcu.Pin52=PE14
Mcu.Pin53=PE15
Mcu.Pin54=PB10
Mcu.Pin55=PB11
Mcu.Pin56=PB12
Mcu.Pin57=PB13
Mcu.Pin58=PB14
Mcu.Pin59=PB15
Mcu.Pin6=PC14/OSC32_IN
Mcu.Pin60=PD8
Mcu.Pin61=PD9
Mcu.Pin62=PD10
Mcu.Pin63=PD11
Mcu.Pin64=PD12
Mcu.Pin65=PD13
Mcu.Pin66=PD14
Mcu.Pin67=PD15
Mcu.Pin68=PG2
Mcu.Pin69=PG3
Mcu.Pin7=PC15/OSC32_OUT
Mcu.Pin70=PG4
Mcu.Pin71=PG5
Mcu.Pin72=PG6
Mcu.Pin73=PG7
Mcu.Pin74=PG8
Mcu.Pin75=PC6
Mcu.Pin76=PC7
Mcu.Pin77=PC8
Mcu.Pin78=PC9
Mcu.Pin79=PA8
Mcu.Pin8=PF0
Mcu.Pin80=PA9
Mcu.Pin81=PA10
Mcu.Pin82=PA11
Mcu.Pin83=PA12
Mcu.Pin84=PA13
Mcu.Pin85=PA14
Mcu.Pin86=PA15
Mcu.Pin87=PC10
Mcu.Pin88=PC11
Mcu.Pin89=PC12
Mcu.Pin9=PF1
Mcu.Pin90=PD0
Mcu.Pin91=PD1
Mcu.Pin92=PD2
Mcu.Pin93=PD3
Mcu.Pin94=PD4
Mcu.Pin95=PD5
Mcu.Pin96=PD6
Mcu.Pin97=PD7
Mcu.Pin98=PG9
Mcu.Pin99=PG10
Mcu.PinsNb=119
Mcu.UserConstants=
Mcu.UserName=STM32F429ZITx
MxCube.Version=4.12.0
MxDb.Version=DB.4.0.120
NVIC.DMA2_Stream0_IRQn=true\:0\:0\:false
NVIC.PriorityGroup=NVIC_PRIORITYGROUP_0
NVIC.SysTick_IRQn=true\:0\:0\:false
PA0/WKUP.GPIOParameters=GPIO_PuPd,GPIO_Label,GPIO_ModeDefaultEXTI
PA0/WKUP.GPIO_Label=B1 [Blue PushButton]
PA0/WKUP.GPIO_ModeDefaultEXTI=GPIO_MODE_EVT_RISING
PA0/WKUP.GPIO_PuPd=GPIO_NOPULL
PA0/WKUP.Locked=true
PA0/WKUP.Signal=GPXTI0
PA1.GPIOParameters=GPIO_Label
PA1.GPIO_Label=ADC1_PII1
PA1.Locked=true
PA1.Signal=ADCx_IN1
PA10.Locked=true
PA10.Mode=Asynchronous
PA10.Signal=USART1_RX
PA11.GPIOParameters=GPIO_Speed,GPIO_PuPd,GPIO_Label,GPIO_Mode
PA11.GPIO_Label=R4
PA11.GPIO_Mode=GPIO_MODE_AF_PP
PA11.GPIO_PuPd=GPIO_NOPULL
PA11.GPIO_Speed=GPIO_SPEED_LOW
PA11.Locked=true
PA11.Mode=RGB666
PA11.Signal=LTDC_R4
PA12.GPIOParameters=GPIO_Speed,GPIO_PuPd,GPIO_Label,GPIO_Mode
PA12.GPIO_Label=R5
PA12.GPIO_Mode=GPIO_MODE_AF_PP
PA12.GPIO_PuPd=GPIO_NOPULL
PA12.GPIO_Speed=GPIO_SPEED_LOW
PA12.Locked=true
PA12.Mode=RGB666
PA12.Signal=LTDC_R5
PA13.GPIOParameters=GPIO_Label
PA13.GPIO_Label=SWDIO
PA13.Locked=true
PA13.Mode=Trace-Asynchronous_SW
PA13.Signal=SYS_JTMS-SWDIO
PA14.GPIOParameters=GPIO_Label
PA14.GPIO_Label=SWCLK
PA14.Locked=true
PA14.Mode=Trace-Asynchronous_SW
PA14.Signal=SYS_JTCK-SWCLK
PA15.GPIOParameters=GPIO_PuPd,GPIO_Label,GPIO_ModeDefaultEXTI
PA15.GPIO_Label=TP_INT1 [Touch Panel]
PA15.GPIO_ModeDefaultEXTI=GPIO_MODE_EVT_RISING
PA15.GPIO_PuPd=GPIO_NOPULL
PA15.Locked=true
PA15.Signal=GPXTI15
PA2.GPIOParameters=GPIO_Label
PA2.GPIO_Label=ADC1_PII2
PA2.Locked=true
PA2.Signal=ADCx_IN2
PA3.GPIOParameters=GPIO_Speed,GPIO_PuPd,GPIO_Label,GPIO_Mode
PA3.GPIO_Label=B5
PA3.GPIO_Mode=GPIO_MODE_AF_PP
PA3.GPIO_PuPd=GPIO_NOPULL
PA3.GPIO_Speed=GPIO_SPEED_LOW
PA3.Locked=true
PA3.Mode=RGB666
PA3.Signal=LTDC_B5
PA4.GPIOParameters=GPIO_Speed,GPIO_PuPd,GPIO_Label,GPIO_Mode
PA4.GPIO_Label=VSYNC
PA4.GPIO_Mode=GPIO_MODE_AF_PP
PA4.GPIO_PuPd=GPIO_NOPULL
PA4.GPIO_Speed=GPIO_SPEED_LOW
PA4.Locked=true
PA4.Mode=RGB666
PA4.Signal=LTDC_VSYNC
PA5.Signal=COMP_DAC2_group
PA6.GPIOParameters=GPIO_Speed,GPIO_PuPd,GPIO_Label,GPIO_Mode
PA6.GPIO_Label=G2
PA6.GPIO_Mode=GPIO_MODE_AF_PP
PA6.GPIO_PuPd=GPIO_NOPULL
PA6.GPIO_Speed=GPIO_SPEED_LOW
PA6.Locked=true
PA6.Mode=RGB666
PA6.Signal=LTDC_G2
PA7.GPIOParameters=GPIO_Label
PA7.GPIO_Label=ADC2_PV0
PA7.Locked=true
PA7.Signal=ADCx_IN7
PA8.GPIOParameters=GPIO_Speed,GPIO_PuPd,GPIO_Label,GPIO_Mode
PA8.GPIO_Label=I2C3_SCL [ACP/RF_SCL]
PA8.GPIO_Mode=GPIO_MODE_AF_OD
PA8.GPIO_PuPd=GPIO_NOPULL
PA8.GPIO_Speed=GPIO_SPEED_LOW
PA8.Locked=true
PA8.Mode=I2C
PA8.Signal=I2C3_SCL
PA9.Locked=true
PA9.Mode=Asynchronous
PA9.Signal=USART1_TX
PB0.GPIOParameters=GPIO_Speed,GPIO_PuPd,GPIO_Label,GPIO_Mode
PB0.GPIO_Label=R3
PB0.GPIO_Mode=GPIO_MODE_AF_PP
PB0.GPIO_PuPd=GPIO_NOPULL
PB0.GPIO_Speed=GPIO_SPEED_LOW
PB0.Locked=true
PB0.Mode=RGB666
PB0.Signal=LTDC_R3
PB1.GPIOParameters=GPIO_Speed,GPIO_PuPd,GPIO_Label,GPIO_Mode
PB1.GPIO_Label=R6
PB1.GPIO_Mode=GPIO_MODE_AF_PP
PB1.GPIO_PuPd=GPIO_NOPULL
PB1.GPIO_Speed=GPIO_SPEED_LOW
PB1.Locked=true
PB1.Mode=RGB666
PB1.Signal=LTDC_R6
PB10.GPIOParameters=GPIO_Speed,GPIO_PuPd,GPIO_Label,GPIO_Mode
PB10.GPIO_Label=G4
PB10.GPIO_Mode=GPIO_MODE_AF_PP
PB10.GPIO_PuPd=GPIO_NOPULL
PB10.GPIO_Speed=GPIO_SPEED_LOW
PB10.Locked=true
PB10.Mode=RGB666
PB10.Signal=LTDC_G4
PB11.GPIOParameters=GPIO_Speed,GPIO_PuPd,GPIO_Label,GPIO_Mode
PB11.GPIO_Label=G5
PB11.GPIO_Mode=GPIO_MODE_AF_PP
PB11.GPIO_PuPd=GPIO_NOPULL
PB11.GPIO_Speed=GPIO_SPEED_LOW
PB11.Locked=true
PB11.Mode=RGB666
PB11.Signal=LTDC_G5
PB12.GPIOParameters=GPIO_Label
PB12.GPIO_Label=\!PLR_CLR
PB12.Locked=true
PB12.Signal=GPIO_Output
PB13.GPIOParameters=GPIO_Label
PB13.GPIO_Label=PLR0_CS
PB13.Locked=true
PB13.Signal=GPIO_Output
PB14.GPIOParameters=GPIO_Label
PB14.GPIO_Label=PLR1_CS
PB14.Locked=true
PB14.Signal=GPIO_Output
PB15.GPIOParameters=GPIO_Label
PB15.GPIO_Label=PLR2_CS
PB15.Locked=true
PB15.Signal=GPIO_Output
PB2/BOOT1.GPIOParameters=GPIO_Label
PB2/BOOT1.GPIO_Label=\!USB_RST
PB2/BOOT1.Locked=true
PB2/BOOT1.Signal=GPIO_Output
PB3.Mode=Trace-Asynchronous_SW
PB3.Signal=SYS_JTDO-SWO
PB4.GPIOParameters=GPIO_Label
PB4.GPIO_Label=VADJ1_0
PB4.Locked=true
PB4.Signal=GPIO_Output
PB5.GPIOParameters=GPIO_Speed,GPIO_PuPd,GPIO_Label,GPIO_Mode
PB5.GPIO_Label=SDCKE1
PB5.GPIO_Mode=GPIO_MODE_AF_PP
PB5.GPIO_PuPd=GPIO_NOPULL
PB5.GPIO_Speed=GPIO_SPEED_HIGH
PB5.Locked=true
PB5.Mode=SdramChipSelect2_1
PB5.Signal=FMC_SDCKE1
PB6.GPIOParameters=GPIO_Speed,GPIO_PuPd,GPIO_Label,GPIO_Mode
PB6.GPIO_Label=SDNE1 [SDRAM_CS]
PB6.GPIO_Mode=GPIO_MODE_AF_PP
PB6.GPIO_PuPd=GPIO_NOPULL
PB6.GPIO_Speed=GPIO_SPEED_HIGH
PB6.Locked=true
PB6.Mode=SdramChipSelect2_1
PB6.Signal=FMC_SDNE1
PB7.GPIOParameters=GPIO_Label
PB7.GPIO_Label=VADJ1_1
PB7.Locked=true
PB7.Signal=GPIO_Output
PB8.GPIOParameters=GPIO_Speed,GPIO_PuPd,GPIO_Label,GPIO_Mode
PB8.GPIO_Label=B6
PB8.GPIO_Mode=GPIO_MODE_AF_PP
PB8.GPIO_PuPd=GPIO_NOPULL
PB8.GPIO_Speed=GPIO_SPEED_LOW
PB8.Locked=true
PB8.Mode=RGB666
PB8.Signal=LTDC_B6
PB9.GPIOParameters=GPIO_Speed,GPIO_PuPd,GPIO_Label,GPIO_Mode
PB9.GPIO_Label=B7
PB9.GPIO_Mode=GPIO_MODE_AF_PP
PB9.GPIO_PuPd=GPIO_NOPULL
PB9.GPIO_Speed=GPIO_SPEED_LOW
PB9.Locked=true
PB9.Mode=RGB666
PB9.Signal=LTDC_B7
PC0.GPIOParameters=GPIO_Speed,GPIO_PuPd,GPIO_Label,GPIO_Mode
PC0.GPIO_Label=SDNWE
PC0.GPIO_Mode=GPIO_MODE_AF_PP
PC0.GPIO_PuPd=GPIO_NOPULL
PC0.GPIO_Speed=GPIO_SPEED_HIGH
PC0.Locked=true
PC0.Signal=FMC_SDNWE
PC1.GPIOParameters=GPIO_Label
PC1.GPIO_Label=ADC3_PIO1
PC1.Locked=true
PC1.Signal=ADCx_IN11
PC10.GPIOParameters=GPIO_Speed,GPIO_PuPd,GPIO_Label,GPIO_Mode
PC10.GPIO_Label=R2
PC10.GPIO_Mode=GPIO_MODE_AF_PP
PC10.GPIO_PuPd=GPIO_NOPULL
PC10.GPIO_Speed=GPIO_SPEED_LOW
PC10.Locked=true
PC10.Mode=RGB666
PC10.Signal=LTDC_R2
PC11.GPIOParameters=GPIO_Label
PC11.GPIO_Label=\!BT_RESET
PC11.Locked=true
PC11.Signal=GPIO_Output
PC12.Mode=Asynchronous
PC12.Signal=UART5_TX
PC13.GPIOParameters=GPIO_Label
PC13.GPIO_Label=\!WF_RESET
PC13.Locked=true
PC13.Signal=GPIO_Output
PC14/OSC32_IN.GPIOParameters=GPIO_Label
PC14/OSC32_IN.GPIO_Label=PV_D0
PC14/OSC32_IN.Locked=true
PC14/OSC32_IN.Signal=GPIO_Output
PC15/OSC32_OUT.GPIOParameters=GPIO_Label
PC15/OSC32_OUT.GPIO_Label=PV_D1
PC15/OSC32_OUT.Locked=true
PC15/OSC32_OUT.Signal=GPIO_Output
PC2.GPIOParameters=GPIO_Speed,GPIO_PuPd,GPIO_Label,GPIO_Mode
PC2.GPIO_Label=CSX [LCD-RGB_CSX]
PC2.GPIO_Mode=GPIO_MODE_OUTPUT_PP
PC2.GPIO_PuPd=GPIO_NOPULL
PC2.GPIO_Speed=GPIO_SPEED_LOW
PC2.Locked=true
PC2.Signal=GPIO_Output
PC3.GPIOParameters=GPIO_Label
PC3.GPIO_Label=ADC3_PIO2
PC3.Signal=ADCx_IN13
PC4.GPIOParameters=GPIO_Label
PC4.GPIO_Label=ADC2_PV1
PC4.Locked=true
PC4.Signal=ADCx_IN14
PC5.GPIOParameters=GPIO_Label
PC5.GPIO_Label=ADC2_PV2
PC5.Locked=true
PC5.Signal=ADCx_IN15
PC6.GPIOParameters=GPIO_Speed,GPIO_PuPd,GPIO_Label,GPIO_Mode
PC6.GPIO_Label=HSYNC
PC6.GPIO_Mode=GPIO_MODE_AF_PP
PC6.GPIO_PuPd=GPIO_NOPULL
PC6.GPIO_Speed=GPIO_SPEED_LOW
PC6.Locked=true
PC6.Mode=RGB666
PC6.Signal=LTDC_HSYNC
PC7.GPIOParameters=GPIO_Speed,GPIO_PuPd,GPIO_Label,GPIO_Mode
PC7.GPIO_Label=G6
PC7.GPIO_Mode=GPIO_MODE_AF_PP
PC7.GPIO_PuPd=GPIO_NOPULL
PC7.GPIO_Speed=GPIO_SPEED_LOW
PC7.Locked=true
PC7.Mode=RGB666
PC7.Signal=LTDC_G6
PC8.GPIOParameters=GPIO_Label
PC8.GPIO_Label=SD_CS
PC8.Locked=true
PC8.Signal=GPIO_Output
PC9.GPIOParameters=GPIO_Speed,GPIO_PuPd,GPIO_Label,GPIO_Mode
PC9.GPIO_Label=I2C3_SDA [ACP/RF_SDA]
PC9.GPIO_Mode=GPIO_MODE_AF_OD
PC9.GPIO_PuPd=GPIO_NOPULL
PC9.GPIO_Speed=GPIO_SPEED_LOW
PC9.Locked=true
PC9.Mode=I2C
PC9.Signal=I2C3_SDA
PCC.Checker=false
PCC.Line=STM32F429/439
PCC.MCU=STM32F429Z(E-G-I)Tx
PCC.MXVersion=4.12.0
PCC.PartNumber=STM32F429ZITx
PCC.Seq0=0
PCC.Series=STM32F4
PCC.Temperature=25
PCC.Vdd=null
PD0.GPIOParameters=GPIO_Speed,GPIO_PuPd,GPIO_Label,GPIO_Mode
PD0.GPIO_Label=D2
PD0.GPIO_Mode=GPIO_MODE_AF_PP
PD0.GPIO_PuPd=GPIO_NOPULL
PD0.GPIO_Speed=GPIO_SPEED_HIGH
PD0.Locked=true
PD0.Signal=FMC_D2_DA2
PD1.GPIOParameters=GPIO_Speed,GPIO_PuPd,GPIO_Label,GPIO_Mode
PD1.GPIO_Label=D3
PD1.GPIO_Mode=GPIO_MODE_AF_PP
PD1.GPIO_PuPd=GPIO_NOPULL
PD1.GPIO_Speed=GPIO_SPEED_HIGH
PD1.Locked=true
PD1.Signal=FMC_D3_DA3
PD10.GPIOParameters=GPIO_Label
PD10.GPIO_Label=D15
PD10.Locked=true
PD10.Signal=FMC_D15_DA15
PD11.GPIOParameters=GPIO_PuPd,GPIO_Label,GPIO_Mode
PD11.GPIO_Label=TE [LCD-RGB_TE]
PD11.GPIO_Mode=GPIO_MODE_INPUT
PD11.GPIO_PuPd=GPIO_NOPULL
PD11.Locked=true
PD11.Signal=GPIO_Input
PD12.GPIOParameters=GPIO_Speed,GPIO_PuPd,GPIO_Label,GPIO_Mode
PD12.GPIO_Label=RDX [LDC-RGB_RDX]
PD12.GPIO_Mode=GPIO_MODE_OUTPUT_PP
PD12.GPIO_PuPd=GPIO_NOPULL
PD12.GPIO_Speed=GPIO_SPEED_LOW
PD12.Locked=true
PD12.Signal=GPIO_Output
PD13.GPIOParameters=GPIO_Speed,GPIO_PuPd,GPIO_Label,GPIO_Mode
PD13.GPIO_Label=WRX_DCX [LCD-RGB_WRX_DCX]
PD13.GPIO_Mode=GPIO_MODE_OUTPUT_PP
PD13.GPIO_PuPd=GPIO_NOPULL
PD13.GPIO_Speed=GPIO_SPEED_LOW
PD13.Locked=true
PD13.Signal=GPIO_Output
PD14.GPIOParameters=GPIO_Speed,GPIO_PuPd,GPIO_Label,GPIO_Mode
PD14.GPIO_Label=D0
PD14.GPIO_Mode=GPIO_MODE_AF_PP
PD14.GPIO_PuPd=GPIO_NOPULL
PD14.GPIO_Speed=GPIO_SPEED_HIGH
PD14.Locked=true
PD14.Signal=FMC_D0_DA0
PD15.GPIOParameters=GPIO_Speed,GPIO_PuPd,GPIO_Label,GPIO_Mode
PD15.GPIO_Label=D1
PD15.GPIO_Mode=GPIO_MODE_AF_PP
PD15.GPIO_PuPd=GPIO_NOPULL
PD15.GPIO_Speed=GPIO_SPEED_HIGH
PD15.Locked=true
PD15.Signal=FMC_D1_DA1
PD2.Mode=Asynchronous
PD2.Signal=UART5_RX
PD3.GPIOParameters=GPIO_Speed,GPIO_PuPd,GPIO_Label,GPIO_Mode
PD3.GPIO_Label=G7
PD3.GPIO_Mode=GPIO_MODE_AF_PP
PD3.GPIO_PuPd=GPIO_NOPULL
PD3.GPIO_Speed=GPIO_SPEED_LOW
PD3.Locked=true
PD3.Mode=RGB666
PD3.Signal=LTDC_G7
PD4.Signal=FMC_NOE
PD5.Signal=FMC_NWE
PD6.GPIOParameters=GPIO_Speed,GPIO_PuPd,GPIO_Label,GPIO_Mode
PD6.GPIO_Label=B2
PD6.GPIO_Mode=GPIO_MODE_AF_PP
PD6.GPIO_PuPd=GPIO_NOPULL
PD6.GPIO_Speed=GPIO_SPEED_LOW
PD6.Locked=true
PD6.Mode=RGB666
PD6.Signal=LTDC_B2
PD7.GPIOParameters=GPIO_Label
PD7.GPIO_Label=OF_CS
PD7.Locked=true
PD7.Signal=GPIO_Output
PD8.GPIOParameters=GPIO_Speed,GPIO_PuPd,GPIO_Label,GPIO_Mode
PD8.GPIO_Label=D13
PD8.GPIO_Mode=GPIO_MODE_AF_PP
PD8.GPIO_PuPd=GPIO_NOPULL
PD8.GPIO_Speed=GPIO_SPEED_HIGH
PD8.Locked=true
PD8.Signal=FMC_D13_DA13
PD9.GPIOParameters=GPIO_Label
PD9.GPIO_Label=D14
PD9.Locked=true
PD9.Signal=FMC_D14_DA14
PE0.Locked=true
PE0.Signal=FMC_NBL0
PE1.Locked=true
PE1.Signal=FMC_NBL1
PE10.GPIOParameters=GPIO_Speed,GPIO_PuPd,GPIO_Label,GPIO_Mode
PE10.GPIO_Label=D7
PE10.GPIO_Mode=GPIO_MODE_AF_PP
PE10.GPIO_PuPd=GPIO_NOPULL
PE10.GPIO_Speed=GPIO_SPEED_HIGH
PE10.Locked=true
PE10.Signal=FMC_D7_DA7
PE11.GPIOParameters=GPIO_Speed,GPIO_PuPd,GPIO_Label,GPIO_Mode
PE11.GPIO_Label=D8
PE11.GPIO_Mode=GPIO_MODE_AF_PP
PE11.GPIO_PuPd=GPIO_NOPULL
PE11.GPIO_Speed=GPIO_SPEED_HIGH
PE11.Locked=true
PE11.Signal=FMC_D8_DA8
PE12.GPIOParameters=GPIO_Speed,GPIO_PuPd,GPIO_Label,GPIO_Mode
PE12.GPIO_Label=D9
PE12.GPIO_Mode=GPIO_MODE_AF_PP
PE12.GPIO_PuPd=GPIO_NOPULL
PE12.GPIO_Speed=GPIO_SPEED_HIGH
PE12.Locked=true
PE12.Signal=FMC_D9_DA9
PE13.GPIOParameters=GPIO_Speed,GPIO_PuPd,GPIO_Label,GPIO_Mode
PE13.GPIO_Label=D10
PE13.GPIO_Mode=GPIO_MODE_AF_PP
PE13.GPIO_PuPd=GPIO_NOPULL
PE13.GPIO_Speed=GPIO_SPEED_HIGH
PE13.Locked=true
PE13.Signal=FMC_D10_DA10
PE14.GPIOParameters=GPIO_Speed,GPIO_PuPd,GPIO_Label,GPIO_Mode
PE14.GPIO_Label=D11
PE14.GPIO_Mode=GPIO_MODE_AF_PP
PE14.GPIO_PuPd=GPIO_NOPULL
PE14.GPIO_Speed=GPIO_SPEED_HIGH
PE14.Locked=true
PE14.Signal=FMC_D11_DA11
PE15.GPIOParameters=GPIO_Speed,GPIO_PuPd,GPIO_Label,GPIO_Mode
PE15.GPIO_Label=D12
PE15.GPIO_Mode=GPIO_MODE_AF_PP
PE15.GPIO_PuPd=GPIO_NOPULL
PE15.GPIO_Speed=GPIO_SPEED_HIGH
PE15.Locked=true
PE15.Signal=FMC_D12_DA12
PE2.GPIOParameters=GPIO_Label
PE2.GPIO_Label=PV_VSEL0
PE2.Locked=true
PE2.Signal=GPIO_Output
PE3.GPIOParameters=GPIO_Label
PE3.GPIO_Label=PV_VSEL1
PE3.Locked=true
PE3.Signal=GPIO_Output
PE4.GPIOParameters=GPIO_Label
PE4.GPIO_Label=\!PV_CLR
PE4.Locked=true
PE4.Signal=GPIO_Output
PE5.GPIOParameters=GPIO_Label
PE5.GPIO_Label=\!PV_EN
PE5.Locked=true
PE5.Signal=GPIO_Output
PE6.GPIOParameters=GPIO_Label
PE6.GPIO_Label=PV_VSEL2
PE6.Locked=true
PE6.Signal=GPIO_Output
PE7.GPIOParameters=GPIO_Speed,GPIO_PuPd,GPIO_Label,GPIO_Mode
PE7.GPIO_Label=D4
PE7.GPIO_Mode=GPIO_MODE_AF_PP
PE7.GPIO_PuPd=GPIO_NOPULL
PE7.GPIO_Speed=GPIO_SPEED_HIGH
PE7.Locked=true
PE7.Signal=FMC_D4_DA4
PE8.GPIOParameters=GPIO_Speed,GPIO_PuPd,GPIO_Label,GPIO_Mode
PE8.GPIO_Label=D5
PE8.GPIO_Mode=GPIO_MODE_AF_PP
PE8.GPIO_PuPd=GPIO_NOPULL
PE8.GPIO_Speed=GPIO_SPEED_HIGH
PE8.Locked=true
PE8.Signal=FMC_D5_DA5
PE9.GPIOParameters=GPIO_Speed,GPIO_PuPd,GPIO_Label,GPIO_Mode
PE9.GPIO_Label=D6
PE9.GPIO_Mode=GPIO_MODE_AF_PP
PE9.GPIO_PuPd=GPIO_NOPULL
PE9.GPIO_Speed=GPIO_SPEED_HIGH
PE9.Locked=true
PE9.Signal=FMC_D6_DA6
PF0.GPIOParameters=GPIO_Speed,GPIO_PuPd,GPIO_Label,GPIO_Mode
PF0.GPIO_Label=A0
PF0.GPIO_Mode=GPIO_MODE_AF_PP
PF0.GPIO_PuPd=GPIO_NOPULL
PF0.GPIO_Speed=GPIO_SPEED_HIGH
PF0.Locked=true
PF0.Signal=FMC_A0
PF1.GPIOParameters=GPIO_Speed,GPIO_PuPd,GPIO_Label,GPIO_Mode
PF1.GPIO_Label=A1
PF1.GPIO_Mode=GPIO_MODE_AF_PP
PF1.GPIO_PuPd=GPIO_NOPULL
PF1.GPIO_Speed=GPIO_SPEED_HIGH
PF1.Locked=true
PF1.Signal=FMC_A1
PF10.GPIOParameters=GPIO_Speed,GPIO_PuPd,GPIO_Label,GPIO_Mode
PF10.GPIO_Label=ENABLE [LCD-RGB_ENABLE]
PF10.GPIO_Mode=GPIO_MODE_AF_PP
PF10.GPIO_PuPd=GPIO_NOPULL
PF10.GPIO_Speed=GPIO_SPEED_LOW
PF10.Locked=true
PF10.Mode=RGB666
PF10.Signal=LTDC_DE
PF11.GPIOParameters=GPIO_Speed,GPIO_PuPd,GPIO_Label,GPIO_Mode
PF11.GPIO_Label=SDNRAS
PF11.GPIO_Mode=GPIO_MODE_AF_PP
PF11.GPIO_PuPd=GPIO_NOPULL
PF11.GPIO_Speed=GPIO_SPEED_HIGH
PF11.Locked=true
PF11.Signal=FMC_SDNRAS
PF12.GPIOParameters=GPIO_Speed,GPIO_PuPd,GPIO_Label,GPIO_Mode
PF12.GPIO_Label=A6
PF12.GPIO_Mode=GPIO_MODE_AF_PP
PF12.GPIO_PuPd=GPIO_NOPULL
PF12.GPIO_Speed=GPIO_SPEED_HIGH
PF12.Locked=true
PF12.Signal=FMC_A6
PF13.GPIOParameters=GPIO_Speed,GPIO_PuPd,GPIO_Label,GPIO_Mode
PF13.GPIO_Label=A7
PF13.GPIO_Mode=GPIO_MODE_AF_PP
PF13.GPIO_PuPd=GPIO_NOPULL
PF13.GPIO_Speed=GPIO_SPEED_HIGH
PF13.Locked=true
PF13.Signal=FMC_A7
PF14.GPIOParameters=GPIO_Speed,GPIO_PuPd,GPIO_Label,GPIO_Mode
PF14.GPIO_Label=A8
PF14.GPIO_Mode=GPIO_MODE_AF_PP
PF14.GPIO_PuPd=GPIO_NOPULL
PF14.GPIO_Speed=GPIO_SPEED_HIGH
PF14.Locked=true
PF14.Signal=FMC_A8
PF15.GPIOParameters=GPIO_Speed,GPIO_PuPd,GPIO_Label,GPIO_Mode
PF15.GPIO_Label=A9
PF15.GPIO_Mode=GPIO_MODE_AF_PP
PF15.GPIO_PuPd=GPIO_NOPULL
PF15.GPIO_Speed=GPIO_SPEED_HIGH
PF15.Locked=true
PF15.Signal=FMC_A9
PF2.GPIOParameters=GPIO_Speed,GPIO_PuPd,GPIO_Label,GPIO_Mode
PF2.GPIO_Label=A2
PF2.GPIO_Mode=GPIO_MODE_AF_PP
PF2.GPIO_PuPd=GPIO_NOPULL
PF2.GPIO_Speed=GPIO_SPEED_HIGH
PF2.Locked=true
PF2.Signal=FMC_A2
PF3.GPIOParameters=GPIO_Speed,GPIO_PuPd,GPIO_Label,GPIO_Mode
PF3.GPIO_Label=A3
PF3.GPIO_Mode=GPIO_MODE_AF_PP
PF3.GPIO_PuPd=GPIO_NOPULL
PF3.GPIO_Speed=GPIO_SPEED_HIGH
PF3.Locked=true
PF3.Signal=FMC_A3
PF4.GPIOParameters=GPIO_Speed,GPIO_PuPd,GPIO_Label,GPIO_Mode
PF4.GPIO_Label=A4
PF4.GPIO_Mode=GPIO_MODE_AF_PP
PF4.GPIO_PuPd=GPIO_NOPULL
PF4.GPIO_Speed=GPIO_SPEED_HIGH
PF4.Locked=true
PF4.Signal=FMC_A4
PF5.GPIOParameters=GPIO_Speed,GPIO_PuPd,GPIO_Label,GPIO_Mode
PF5.GPIO_Label=A5
PF5.GPIO_Mode=GPIO_MODE_AF_PP
PF5.GPIO_PuPd=GPIO_NOPULL
PF5.GPIO_Speed=GPIO_SPEED_HIGH
PF5.Locked=true
PF5.Signal=FMC_A5
PF6.GPIOParameters=GPIO_Label
PF6.GPIO_Label=ADC3_PIO0
PF6.Mode=IN4
PF6.Signal=ADC3_IN4
PF7.GPIOParameters=GPIO_Speed,GPIO_PuPd,GPIO_Label,GPIO_Mode
PF7.GPIO_Label=SPI5_MCLK
PF7.GPIO_Mode=GPIO_MODE_AF_PP
PF7.GPIO_PuPd=GPIO_NOPULL
PF7.GPIO_Speed=GPIO_SPEED_LOW
PF7.Locked=true
PF7.Mode=Full_Duplex_Master
PF7.Signal=SPI5_SCK
PF8.GPIOParameters=GPIO_Speed,GPIO_PuPd,GPIO_Label,GPIO_Mode
PF8.GPIO_Label=SPI5_MISO
PF8.GPIO_Mode=GPIO_MODE_AF_PP
PF8.GPIO_PuPd=GPIO_NOPULL
PF8.GPIO_Speed=GPIO_SPEED_LOW
PF8.Locked=true
PF8.Mode=Full_Duplex_Master
PF8.Signal=SPI5_MISO
PF9.GPIOParameters=GPIO_Speed,GPIO_PuPd,GPIO_Label,GPIO_Mode
PF9.GPIO_Label=SPI5_MOSI
PF9.GPIO_Mode=GPIO_MODE_AF_PP
PF9.GPIO_PuPd=GPIO_NOPULL
PF9.GPIO_Speed=GPIO_SPEED_LOW
PF9.Locked=true
PF9.Mode=Full_Duplex_Master
PF9.Signal=SPI5_MOSI
PG0.GPIOParameters=GPIO_Speed,GPIO_PuPd,GPIO_Label,GPIO_Mode
PG0.GPIO_Label=A10
PG0.GPIO_Mode=GPIO_MODE_AF_PP
PG0.GPIO_PuPd=GPIO_NOPULL
PG0.GPIO_Speed=GPIO_SPEED_HIGH
PG0.Locked=true
PG0.Signal=FMC_A10
PG1.GPIOParameters=GPIO_Speed,GPIO_PuPd,GPIO_Label,GPIO_Mode
PG1.GPIO_Label=A11
PG1.GPIO_Mode=GPIO_MODE_AF_PP
PG1.GPIO_PuPd=GPIO_NOPULL
PG1.GPIO_Speed=GPIO_SPEED_HIGH
PG1.Locked=true
PG1.Signal=FMC_A11
PG10.GPIOParameters=GPIO_Speed,GPIO_PuPd,GPIO_Label,GPIO_Mode
PG10.GPIO_Label=G3
PG10.GPIO_Mode=GPIO_MODE_AF_PP
PG10.GPIO_PuPd=GPIO_NOPULL
PG10.GPIO_Speed=GPIO_SPEED_LOW
PG10.Locked=true
PG10.Mode=RGB666
PG10.Signal=LTDC_G3
PG11.GPIOParameters=GPIO_Speed,GPIO_PuPd,GPIO_Label,GPIO_Mode
PG11.GPIO_Label=B3
PG11.GPIO_Mode=GPIO_MODE_AF_PP
PG11.GPIO_PuPd=GPIO_NOPULL
PG11.GPIO_Speed=GPIO_SPEED_LOW
PG11.Locked=true
PG11.Mode=RGB666
PG11.Signal=LTDC_B3
PG12.GPIOParameters=GPIO_Speed,GPIO_PuPd,GPIO_Label,GPIO_Mode
PG12.GPIO_Label=B4
PG12.GPIO_Mode=GPIO_MODE_AF_PP
PG12.GPIO_PuPd=GPIO_NOPULL
PG12.GPIO_Speed=GPIO_SPEED_LOW
PG12.Locked=true
PG12.Mode=RGB666
PG12.Signal=LTDC_B4
PG13.GPIOParameters=GPIO_Speed,GPIO_PuPd,GPIO_Label,GPIO_Mode
PG13.GPIO_Label=LD3 [Green Led]
PG13.GPIO_Mode=GPIO_MODE_OUTPUT_PP
PG13.GPIO_PuPd=GPIO_NOPULL
PG13.GPIO_Speed=GPIO_SPEED_LOW
PG13.Locked=true
PG13.Signal=GPIO_Output
PG14.GPIOParameters=GPIO_Speed,GPIO_PuPd,GPIO_Label,GPIO_Mode
PG14.GPIO_Label=LD4 [Red Led]
PG14.GPIO_Mode=GPIO_MODE_OUTPUT_PP
PG14.GPIO_PuPd=GPIO_NOPULL
PG14.GPIO_Speed=GPIO_SPEED_LOW
PG14.Locked=true
PG14.Signal=GPIO_Output
PG15.GPIOParameters=GPIO_Speed,GPIO_PuPd,GPIO_Label,GPIO_Mode
PG15.GPIO_Label=SDNCAS
PG15.GPIO_Mode=GPIO_MODE_AF_PP
PG15.GPIO_PuPd=GPIO_NOPULL
PG15.GPIO_Speed=GPIO_SPEED_HIGH
PG15.Locked=true
PG15.Signal=FMC_SDNCAS
PG2.GPIOParameters=GPIO_Label
PG2.GPIO_Label=AF_CS
PG2.Locked=true
PG2.Signal=GPIO_Output
PG3.GPIOParameters=GPIO_Label
PG3.GPIO_Label=EE_CS
PG3.Locked=true
PG3.Signal=GPIO_Output
PG4.Locked=true
PG4.Signal=FMC_A14_BA0
PG5.Locked=true
PG5.Signal=FMC_A15_BA1
PG6.GPIOParameters=GPIO_Speed,GPIO_PuPd,GPIO_Label,GPIO_Mode
PG6.GPIO_Label=R7
PG6.GPIO_Mode=GPIO_MODE_AF_PP
PG6.GPIO_PuPd=GPIO_NOPULL
PG6.GPIO_Speed=GPIO_SPEED_LOW
PG6.Locked=true
PG6.Mode=RGB666
PG6.Signal=LTDC_R7
PG7.GPIOParameters=GPIO_Speed,GPIO_PuPd,GPIO_Label,GPIO_Mode
PG7.GPIO_Label=DOTCLK [LCT-RGB_DOTCLK]
PG7.GPIO_Mode=GPIO_MODE_AF_PP
PG7.GPIO_PuPd=GPIO_NOPULL
PG7.GPIO_Speed=GPIO_SPEED_LOW
PG7.Locked=true
PG7.Mode=RGB666
PG7.Signal=LTDC_CLK
PG8.GPIOParameters=GPIO_Speed,GPIO_PuPd,GPIO_Label,GPIO_Mode
PG8.GPIO_Label=SDCLK
PG8.GPIO_Mode=GPIO_MODE_AF_PP
PG8.GPIO_PuPd=GPIO_NOPULL
PG8.GPIO_Speed=GPIO_SPEED_HIGH
PG8.Locked=true
PG8.Signal=FMC_SDCLK
PG9.Mode=NorPsramChipSelect2_1
PG9.Signal=FMC_NE2
PH0/OSC_IN.GPIOParameters=GPIO_Label
PH0/OSC_IN.GPIO_Label=PH0-OSC_IN
PH0/OSC_IN.Locked=true
PH0/OSC_IN.Mode=HSE-External-Oscillator
PH0/OSC_IN.Signal=RCC_OSC_IN
PH1/OSC_OUT.GPIOParameters=GPIO_Label
PH1/OSC_OUT.GPIO_Label=PH1-OSC_OUT
PH1/OSC_OUT.Locked=true
PH1/OSC_OUT.Mode=HSE-External-Oscillator
PH1/OSC_OUT.Signal=RCC_OSC_OUT
ProjectManager.AskForMigrate=true
ProjectManager.BackupPrevious=false
ProjectManager.CompilerOptimize=2
ProjectManager.ComputerToolchain=false
ProjectManager.CoupleFile=false
ProjectManager.DeletePrevious=true
ProjectManager.DeviceId=STM32F429ZITx
ProjectManager.FirmwarePackage=STM32Cube FW_F4 V1.10.0
ProjectManager.FreePins=false
ProjectManager.HalAssertFull=false
ProjectManager.KeepUserCode=true
ProjectManager.LastFirmware=true
ProjectManager.LibraryCopy=0
ProjectManager.ProjectBuild=false
ProjectManager.ProjectFileName=PRIME.ioc
ProjectManager.ProjectName=PRIME
ProjectManager.TargetToolchain=MDK-ARM V5
ProjectManager.ToolChainLocation=
RCC.48MHZClocksFreq_Value=51428571.428571425
RCC.AHBFreq_Value=180000000
RCC.APB1CLKDivider=RCC_HCLK_DIV4
RCC.APB1Freq_Value=45000000
RCC.APB1TimFreq_Value=90000000
RCC.APB2CLKDivider=RCC_HCLK_DIV2
RCC.APB2Freq_Value=90000000
RCC.APB2TimFreq_Value=180000000
RCC.CortexFreq_Value=180000000
RCC.EthernetFreq_Value=180000000
RCC.FCLKCortexFreq_Value=180000000
RCC.FamilyName=M
RCC.HCLKFreq_Value=180000000
RCC.HSE_VALUE=8000000
RCC.HSI_VALUE=16000000
RCC.I2SClocksFreq_Value=96000000
RCC.IPParameters=HCLKFreq_Value,SYSCLKFreq_VALUE,I2SClocksFreq_Value,PLLCLKFreq_Value,FamilyName,RTCHSEDivFreq_Value,APB2CLKDivider,RTCFreq_Value,SAI_AClocksFreq_Value,SYSCLKSource,MCO2PinFreq_Value,CortexFreq_Value,FCLKCortexFreq_Value,APB1CLKDivider,VCOSAIOutputFreq_ValueR,APB2Freq_Value,VCOI2SOutputFreq_Value,SAI_BClocksFreq_Value,PLLN,VcooutputI2SQ,APB2TimFreq_Value,HSE_VALUE,VCOSAIOutputFreq_ValueQ,PLLM,HSI_VALUE,LCDTFTFreq_Value,PLLQ,VcooutputI2S,APB1TimFreq_Value,APB1Freq_Value,48MHZClocksFreq_Value,AHBFreq_Value,LSI_VALUE,VCOInputFreq_Value,EthernetFreq_Value,VCOOutputFreq_Value,VCOSAIOutputFreq_Value,PLLQCLKFreq_Value,PLLSAIN,LSE_VALUE,PLLSourceVirtual,PLLSAIR,PLLSAIDivR
RCC.LCDTFTFreq_Value=6000000
RCC.LSE_VALUE=32768
RCC.LSI_VALUE=32000
RCC.MCO2PinFreq_Value=180000000
RCC.PLLCLKFreq_Value=180000000
RCC.PLLM=8
RCC.PLLN=360
RCC.PLLQ=7
RCC.PLLQCLKFreq_Value=51428571.428571425
RCC.PLLSAIDivR=RCC_PLLSAIDIVR_8
RCC.PLLSAIN=192
RCC.PLLSAIR=4
RCC.PLLSourceVirtual=RCC_PLLSOURCE_HSE
RCC.RTCFreq_Value=32000
RCC.RTCHSEDivFreq_Value=4000000
RCC.SAI_AClocksFreq_Value=48000000
RCC.SAI_BClocksFreq_Value=48000000
RCC.SYSCLKFreq_VALUE=180000000
RCC.SYSCLKSource=RCC_SYSCLKSOURCE_PLLCLK
RCC.VCOI2SOutputFreq_Value=192000000
RCC.VCOInputFreq_Value=1000000
RCC.VCOOutputFreq_Value=360000000
RCC.VCOSAIOutputFreq_Value=192000000
RCC.VCOSAIOutputFreq_ValueQ=48000000
RCC.VCOSAIOutputFreq_ValueR=48000000
RCC.VcooutputI2S=96000000
RCC.VcooutputI2SQ=96000000
SH.ADCx_IN1.0=ADC1_IN1,IN1
SH.ADCx_IN1.ConfNb=1
SH.ADCx_IN11.0=ADC3_IN11,IN11
SH.ADCx_IN11.ConfNb=1
SH.ADCx_IN13.0=ADC3_IN13,IN13
SH.ADCx_IN13.ConfNb=1
SH.ADCx_IN14.0=ADC2_IN14,IN14
SH.ADCx_IN14.ConfNb=1
SH.ADCx_IN15.0=ADC2_IN15,IN15
SH.ADCx_IN15.ConfNb=1
SH.ADCx_IN2.0=ADC1_IN2,IN2
SH.ADCx_IN2.ConfNb=1
SH.ADCx_IN7.0=ADC2_IN7,IN7
SH.ADCx_IN7.ConfNb=1
SH.COMP_DAC2_group.0=DAC_OUT2,DAC_OUT2
SH.COMP_DAC2_group.ConfNb=1
SH.FMC_A0.0=FMC_A0,1b-a1
SH.FMC_A0.1=FMC_A0,12b-sda1
SH.FMC_A0.ConfNb=2
SH.FMC_A1.0=FMC_A1,12b-sda1
SH.FMC_A1.ConfNb=1
SH.FMC_A10.0=FMC_A10,12b-sda1
SH.FMC_A10.ConfNb=1
SH.FMC_A11.0=FMC_A11,12b-sda1
SH.FMC_A11.ConfNb=1
SH.FMC_A14_BA0.0=FMC_BA0,FourSdramBanks1
SH.FMC_A14_BA0.ConfNb=1
SH.FMC_A15_BA1.0=FMC_BA1,FourSdramBanks1
SH.FMC_A15_BA1.ConfNb=1
SH.FMC_A2.0=FMC_A2,12b-sda1
SH.FMC_A2.ConfNb=1
SH.FMC_A3.0=FMC_A3,12b-sda1
SH.FMC_A3.ConfNb=1
SH.FMC_A4.0=FMC_A4,12b-sda1
SH.FMC_A4.ConfNb=1
SH.FMC_A5.0=FMC_A5,12b-sda1
SH.FMC_A5.ConfNb=1
SH.FMC_A6.0=FMC_A6,12b-sda1
SH.FMC_A6.ConfNb=1
SH.FMC_A7.0=FMC_A7,12b-sda1
SH.FMC_A7.ConfNb=1
SH.FMC_A8.0=FMC_A8,12b-sda1
SH.FMC_A8.ConfNb=1
SH.FMC_A9.0=FMC_A9,12b-sda1
SH.FMC_A9.ConfNb=1
SH.FMC_D0_DA0.0=FMC_D0,8b-d1
SH.FMC_D0_DA0.1=FMC_D0,sd-16b-d1
SH.FMC_D0_DA0.ConfNb=2
SH.FMC_D10_DA10.0=FMC_D10,sd-16b-d1
SH.FMC_D10_DA10.ConfNb=1
SH.FMC_D11_DA11.0=FMC_D11,sd-16b-d1
SH.FMC_D11_DA11.ConfNb=1
SH.FMC_D12_DA12.0=FMC_D12,sd-16b-d1
SH.FMC_D12_DA12.ConfNb=1
SH.FMC_D13_DA13.0=FMC_D13,sd-16b-d1
SH.FMC_D13_DA13.ConfNb=1
SH.FMC_D14_DA14.0=FMC_D14,sd-16b-d1
SH.FMC_D14_DA14.ConfNb=1
SH.FMC_D15_DA15.0=FMC_D15,sd-16b-d1
SH.FMC_D15_DA15.ConfNb=1
SH.FMC_D1_DA1.0=FMC_D1,8b-d1
SH.FMC_D1_DA1.1=FMC_D1,sd-16b-d1
SH.FMC_D1_DA1.ConfNb=2
SH.FMC_D2_DA2.0=FMC_D2,8b-d1
SH.FMC_D2_DA2.1=FMC_D2,sd-16b-d1
SH.FMC_D2_DA2.ConfNb=2
SH.FMC_D3_DA3.0=FMC_D3,8b-d1
SH.FMC_D3_DA3.1=FMC_D3,sd-16b-d1
SH.FMC_D3_DA3.ConfNb=2
SH.FMC_D4_DA4.0=FMC_D4,8b-d1
SH.FMC_D4_DA4.1=FMC_D4,sd-16b-d1
SH.FMC_D4_DA4.ConfNb=2
SH.FMC_D5_DA5.0=FMC_D5,8b-d1
SH.FMC_D5_DA5.1=FMC_D5,sd-16b-d1
SH.FMC_D5_DA5.ConfNb=2
SH.FMC_D6_DA6.0=FMC_D6,8b-d1
SH.FMC_D6_DA6.1=FMC_D6,sd-16b-d1
SH.FMC_D6_DA6.ConfNb=2
SH.FMC_D7_DA7.0=FMC_D7,8b-d1
SH.FMC_D7_DA7.1=FMC_D7,sd-16b-d1
SH.FMC_D7_DA7.ConfNb=2
SH.FMC_D8_DA8.0=FMC_D8,sd-16b-d1
SH.FMC_D8_DA8.ConfNb=1
SH.FMC_D9_DA9.0=FMC_D9,sd-16b-d1
SH.FMC_D9_DA9.ConfNb=1
SH.FMC_NBL0.0=FMC_NBL0,Sd2ByteEnable1
SH.FMC_NBL0.ConfNb=1
SH.FMC_NBL1.0=FMC_NBL1,Sd2ByteEnable1
SH.FMC_NBL1.ConfNb=1
SH.FMC_NOE.0=FMC_NOE,Sram1
SH.FMC_NOE.ConfNb=1
SH.FMC_NWE.0=FMC_NWE,Sram1
SH.FMC_NWE.ConfNb=1
SH.FMC_SDCLK.0=FMC_SDCLK,12b-sda1
SH.FMC_SDCLK.ConfNb=1
SH.FMC_SDNCAS.0=FMC_SDNCAS,12b-sda1
SH.FMC_SDNCAS.ConfNb=1
SH.FMC_SDNRAS.0=FMC_SDNRAS,12b-sda1
SH.FMC_SDNRAS.ConfNb=1
SH.FMC_SDNWE.0=FMC_SDNWE,12b-sda1
SH.FMC_SDNWE.ConfNb=1
SH.GPXTI0.0=GPIO_EXTI0
SH.GPXTI0.ConfNb=1
SH.GPXTI15.0=GPIO_EXTI15
SH.GPXTI15.ConfNb=1
SPI5.CalculateBaudRate=45.0 MBits/s
SPI5.IPParameters=Mode,CalculateBaudRate
SPI5.Mode=SPI_MODE_MASTER
TIM6.IPParameters=TIM_MasterOutputTrigger
TIM6.TIM_MasterOutputTrigger=TIM_TRGO_RESET
VP_ADC1_Vref_Input.Mode=IN-Vrefint
VP_ADC1_Vref_Input.Signal=ADC1_Vref_Input
VP_CRC_VS_CRC.Mode=CRC_Activate
VP_CRC_VS_CRC.Signal=CRC_VS_CRC
VP_DMA2D_VS_DMA2D.Mode=DMA2D_Activate
VP_DMA2D_VS_DMA2D.Signal=DMA2D_VS_DMA2D
VP_TIM6_VS_ClockSourceINT.Mode=Enable_Timer
VP_TIM6_VS_ClockSourceINT.Signal=TIM6_VS_ClockSourceINT
VP_TIM7_VS_ClockSourceINT.Mode=Enable_Timer
VP_TIM7_VS_ClockSourceINT.Signal=TIM7_VS_ClockSourceINT
board=STM32F429I-DISCO
boardIOC=true
